
Microsoft Visual Studio Solution File, Format Version 12.00
# Visual Studio Version 17
VisualStudioVersion = 17.0.31903.59
MinimumVisualStudioVersion = 10.0.40219.1
Project("{2150E333-8FDC-42A3-9474-1A3956D46DE8}") = "__Solution", "__Solution", "{35229650-C898-4C46-9B5D-64F3810DE92A}"
	ProjectSection(SolutionItems) = preProject
		.gitignore = .gitignore
		LICENSE.md = LICENSE.md
		nuget.config = nuget.config
		README.md = README.md
	EndProjectSection
EndProject
Project("{2150E333-8FDC-42A3-9474-1A3956D46DE8}") = "Application", "Application", "{8B0E1732-36DE-4FB7-844A-5D01AB41C33B}"
EndProject
Project("{2150E333-8FDC-42A3-9474-1A3956D46DE8}") = "Sitecore.Prototype", "Sitecore.Prototype", "{CEC9292D-2B18-438C-8707-CC90AC7BAD35}"
EndProject
Project("{FAE04EC0-301F-11D3-BF4B-00C04F79EFBC}") = "Sitecore.Prototype.Web", "src\Application\Sitecore.Prototype\Sitecore.Prototype.Web\Sitecore.Prototype.Web.csproj", "{594F6DD1-A892-4843-8F38-C8C43088B89F}"
EndProject
Project("{2150E333-8FDC-42A3-9474-1A3956D46DE8}") = "__Docker", "__Docker", "{DB341458-A8C7-4209-8F45-5747106C33B3}"
	ProjectSection(SolutionItems) = preProject
		.dockerignore = .dockerignore
		.env.template = .env.template
		compose-init.ps1 = compose-init.ps1
		docker-clean.ps1 = docker-clean.ps1
		docker-compose.yml = docker-compose.yml
		Dockerfile = Dockerfile
	EndProjectSection
EndProject
Global
	GlobalSection(SolutionConfigurationPlatforms) = preSolution
		Debug|Any CPU = Debug|Any CPU
		Release|Any CPU = Release|Any CPU
	EndGlobalSection
	GlobalSection(ProjectConfigurationPlatforms) = postSolution
		{594F6DD1-A892-4843-8F38-C8C43088B89F}.Debug|Any CPU.ActiveCfg = Debug|Any CPU
		{594F6DD1-A892-4843-8F38-C8C43088B89F}.Debug|Any CPU.Build.0 = Debug|Any CPU
		{594F6DD1-A892-4843-8F38-C8C43088B89F}.Release|Any CPU.ActiveCfg = Release|Any CPU
		{594F6DD1-A892-4843-8F38-C8C43088B89F}.Release|Any CPU.Build.0 = Release|Any CPU
	EndGlobalSection
	GlobalSection(SolutionProperties) = preSolution
		HideSolutionNode = FALSE
	EndGlobalSection
	GlobalSection(NestedProjects) = preSolution
		{CEC9292D-2B18-438C-8707-CC90AC7BAD35} = {8B0E1732-36DE-4FB7-844A-5D01AB41C33B}
		{594F6DD1-A892-4843-8F38-C8C43088B89F} = {CEC9292D-2B18-438C-8707-CC90AC7BAD35}
	EndGlobalSection
	GlobalSection(ExtensibilityGlobals) = postSolution
		SolutionGuid = {8265862E-6327-47DF-BB63-43EDD746E267}
	EndGlobalSection
EndGlobal
